
Microsoft Visual Studio Solution File, Format Version 12.00
# Visual Studio Version 17
VisualStudioVersion = 17.14.36401.2
MinimumVisualStudioVersion = 10.0.40219.1
Project("{FAE04EC0-301F-11D3-BF4B-00C04F79EFBC}") = "webinar-service", "webinar-service\webinar-service.csproj", "{46DBF15F-B309-4C0E-9CED-2662712D0D25}"
EndProject
Project("{2150E333-8FDC-42A3-9474-1A3956D46DE8}") = "Solution Items", "Solution Items", "{85E5EE28-B966-4628-8D3F-EF91C321419C}"
	ProjectSection(SolutionItems) = preProject
		compose.yaml = compose.yaml
		ClickHouseMigrations\init_tables.sql = ClickHouseMigrations\init_tables.sql
		fluent-bit.conf = fluent-bit.conf
		parsers.conf = parsers.conf
	EndProjectSection
EndProject
Project("{FAE04EC0-301F-11D3-BF4B-00C04F79EFBC}") = "saga-service", "saga-service\saga-service.csproj", "{C4BD7188-9AD1-4DE9-84B0-75DAC49DDDF8}"
EndProject
Project("{FAE04EC0-301F-11D3-BF4B-00C04F79EFBC}") = "identity-service", "identity-service\identity-service.csproj", "{DC825DF2-407D-4342-8409-7EAD63FA2F94}"
EndProject
Project("{FAE04EC0-301F-11D3-BF4B-00C04F79EFBC}") = "profile-service", "profile-service\profile-service.csproj", "{9AC7FFC4-892C-46F3-B392-85B22C01DBFD}"
EndProject
Project("{FAE04EC0-301F-11D3-BF4B-00C04F79EFBC}") = "api-gateway", "api-gateway\api-gateway.csproj", "{7FD11A3E-EFF7-4395-B1BE-429CA29DDAD8}"
EndProject
Global
	GlobalSection(SolutionConfigurationPlatforms) = preSolution
		Debug|Any CPU = Debug|Any CPU
		Release|Any CPU = Release|Any CPU
	EndGlobalSection
	GlobalSection(ProjectConfigurationPlatforms) = postSolution
		{46DBF15F-B309-4C0E-9CED-2662712D0D25}.Debug|Any CPU.ActiveCfg = Debug|Any CPU
		{46DBF15F-B309-4C0E-9CED-2662712D0D25}.Debug|Any CPU.Build.0 = Debug|Any CPU
		{46DBF15F-B309-4C0E-9CED-2662712D0D25}.Release|Any CPU.ActiveCfg = Release|Any CPU
		{46DBF15F-B309-4C0E-9CED-2662712D0D25}.Release|Any CPU.Build.0 = Release|Any CPU
		{C4BD7188-9AD1-4DE9-84B0-75DAC49DDDF8}.Debug|Any CPU.ActiveCfg = Debug|Any CPU
		{C4BD7188-9AD1-4DE9-84B0-75DAC49DDDF8}.Debug|Any CPU.Build.0 = Debug|Any CPU
		{C4BD7188-9AD1-4DE9-84B0-75DAC49DDDF8}.Release|Any CPU.ActiveCfg = Release|Any CPU
		{C4BD7188-9AD1-4DE9-84B0-75DAC49DDDF8}.Release|Any CPU.Build.0 = Release|Any CPU
		{DC825DF2-407D-4342-8409-7EAD63FA2F94}.Debug|Any CPU.ActiveCfg = Debug|Any CPU
		{DC825DF2-407D-4342-8409-7EAD63FA2F94}.Debug|Any CPU.Build.0 = Debug|Any CPU
		{DC825DF2-407D-4342-8409-7EAD63FA2F94}.Release|Any CPU.ActiveCfg = Release|Any CPU
		{DC825DF2-407D-4342-8409-7EAD63FA2F94}.Release|Any CPU.Build.0 = Release|Any CPU
		{9AC7FFC4-892C-46F3-B392-85B22C01DBFD}.Debug|Any CPU.ActiveCfg = Debug|Any CPU
		{9AC7FFC4-892C-46F3-B392-85B22C01DBFD}.Debug|Any CPU.Build.0 = Debug|Any CPU
		{9AC7FFC4-892C-46F3-B392-85B22C01DBFD}.Release|Any CPU.ActiveCfg = Release|Any CPU
		{9AC7FFC4-892C-46F3-B392-85B22C01DBFD}.Release|Any CPU.Build.0 = Release|Any CPU
		{7FD11A3E-EFF7-4395-B1BE-429CA29DDAD8}.Debug|Any CPU.ActiveCfg = Debug|Any CPU
		{7FD11A3E-EFF7-4395-B1BE-429CA29DDAD8}.Debug|Any CPU.Build.0 = Debug|Any CPU
		{7FD11A3E-EFF7-4395-B1BE-429CA29DDAD8}.Release|Any CPU.ActiveCfg = Release|Any CPU
		{7FD11A3E-EFF7-4395-B1BE-429CA29DDAD8}.Release|Any CPU.Build.0 = Release|Any CPU
	EndGlobalSection
	GlobalSection(SolutionProperties) = preSolution
		HideSolutionNode = FALSE
	EndGlobalSection
EndGlobal
